// !$*UTF8*$!
{
	archiveVersion = 1;
	classes = {
	};
	objectVersion = 46;
	objects = {

/* Begin PBXBuildFile section */
		958B4D381E397E9400FA7F40 /* AppDelegate.swift in Sources */ = {isa = PBXBuildFile; fileRef = 958B4D371E397E9400FA7F40 /* AppDelegate.swift */; };
		958B4D3A1E397E9400FA7F40 /* ViewController.swift in Sources */ = {isa = PBXBuildFile; fileRef = 958B4D391E397E9400FA7F40 /* ViewController.swift */; };
		958B4D3D1E397E9400FA7F40 /* Main.storyboard in Resources */ = {isa = PBXBuildFile; fileRef = 958B4D3B1E397E9400FA7F40 /* Main.storyboard */; };
		958B4D3F1E397E9400FA7F40 /* Assets.xcassets in Resources */ = {isa = PBXBuildFile; fileRef = 958B4D3E1E397E9400FA7F40 /* Assets.xcassets */; };
		958B4D421E397E9400FA7F40 /* LaunchScreen.storyboard in Resources */ = {isa = PBXBuildFile; fileRef = 958B4D401E397E9400FA7F40 /* LaunchScreen.storyboard */; };
/* End PBXBuildFile section */

/* Begin PBXFileReference section */
		958B4D341E397E9400FA7F40 /* PageTheScroll.app */ = {isa = PBXFileReference; explicitFileType = wrapper.application; includeInIndex = 0; path = PageTheScroll.app; sourceTree = BUILT_PRODUCTS_DIR; };
		958B4D371E397E9400FA7F40 /* AppDelegate.swift */ = {isa = PBXFileReference; lastKnownFileType = sourcecode.swift; path = AppDelegate.swift; sourceTree = "<group>"; };
		958B4D391E397E9400FA7F40 /* ViewController.swift */ = {isa = PBXFileReference; lastKnownFileType = sourcecode.swift; path = ViewController.swift; sourceTree = "<group>"; };
		958B4D3C1E397E9400FA7F40 /* Base */ = {isa = PBXFileReference; lastKnownFileType = file.storyboard; name = Base; path = Base.lproj/Main.storyboard; sourceTree = "<group>"; };
		958B4D3E1E397E9400FA7F40 /* Assets.xcassets */ = {isa = PBXFileReference; lastKnownFileType = folder.assetcatalog; path = Assets.xcassets; sourceTree = "<group>"; };
		958B4D411E397E9400FA7F40 /* Base */ = {isa = PBXFileReference; lastKnownFileType = file.storyboard; name = Base; path = Base.lproj/LaunchScreen.storyboard; sourceTree = "<group>"; };
		958B4D431E397E9400FA7F40 /* Info.plist */ = {isa = PBXFileReference; lastKnownFileType = text.plist.xml; path = Info.plist; sourceTree = "<group>"; };
/* End PBXFileReference section */

/* Begin PBXFrameworksBuildPhase section */
		958B4D311E397E9400FA7F40 /* Frameworks */ = {
			isa = PBXFrameworksBuildPhase;
			buildActionMask = 2147483647;
			files = (
			);
			runOnlyForDeploymentPostprocessing = 0;
		};
/* End PBXFrameworksBuildPhase section */

/* Begin PBXGroup section */
		958B4D2B1E397E9300FA7F40 = {
			isa = PBXGroup;
			children = (
				958B4D361E397E9400FA7F40 /* PageTheScroll */,
				958B4D351E397E9400FA7F40 /* Products */,
			);
			sourceTree = "<group>";
		};
		958B4D351E397E9400FA7F40 /* Products */ = {
			isa = PBXGroup;
			children = (
				958B4D341E397E9400FA7F40 /* PageTheScroll.app */,
			);
			name = Products;
			sourceTree = "<group>";
		};
		958B4D361E397E9400FA7F40 /* PageTheScroll */ = {
			isa = PBXGroup;
			children = (
				958B4D371E397E9400FA7F40 /* AppDelegate.swift */,
				958B4D391E397E9400FA7F40 /* ViewController.swift */,
				958B4D3B1E397E9400FA7F40 /* Main.storyboard */,
				958B4D3E1E397E9400FA7F40 /* Assets.xcassets */,
				958B4D401E397E9400FA7F40 /* LaunchScreen.storyboard */,
				958B4D431E397E9400FA7F40 /* Info.plist */,
			);
			path = PageTheScroll;
			sourceTree = "<group>";
		};
/* End PBXGroup section */

/* Begin PBXNativeTarget section */
		958B4D331E397E9400FA7F40 /* PageTheScroll */ = {
			isa = PBXNativeTarget;
			buildConfigurationList = 958B4D461E397E9400FA7F40 /* Build configuration list for PBXNativeTarget "PageTheScroll" */;
			buildPhases = (
				958B4D301E397E9400FA7F40 /* Sources */,
				958B4D311E397E9400FA7F40 /* Frameworks */,
				958B4D321E397E9400FA7F40 /* Resources */,
			);
			buildRules = (
			);
			dependencies = (
			);
			name = PageTheScroll;
			productName = PageTheScroll;
			productReference = 958B4D341E397E9400FA7F40 /* PageTheScroll.app */;
			productType = "com.apple.product-type.application";
		};
/* End PBXNativeTarget section */

/* Begin PBXProject section */
		958B4D2C1E397E9300FA7F40 /* Project object */ = {
			isa = PBXProject;
			attributes = {
				LastSwiftUpdateCheck = 0820;
				LastUpgradeCheck = 0820;
				ORGANIZATIONNAME = "Jalal Bajrai";
				TargetAttributes = {
					958B4D331E397E9400FA7F40 = {
						CreatedOnToolsVersion = 8.2.1;
						DevelopmentTeam = AV8QS98J28;
						ProvisioningStyle = Automatic;
					};
				};
			};
			buildConfigurationList = 958B4D2F1E397E9300FA7F40 /* Build configuration list for PBXProject "PageTheScroll" */;
			compatibilityVersion = "Xcode 3.2";
			developmentRegion = English;
			hasScannedForEncodings = 0;
			knownRegions = (
				en,
				Base,
			);
			mainGroup = 958B4D2B1E397E9300FA7F40;
			productRefGroup = 958B4D351E397E9400FA7F40 /* Products */;
			projectDirPath = "";
			projectRoot = "";
			targets = (
				958B4D331E397E9400FA7F40 /* PageTheScroll */,
			);
		};
/* End PBXProject section */

/* Begin PBXResourcesBuildPhase section */
		958B4D321E397E9400FA7F40 /* Resources */ = {
			isa = PBXResourcesBuildPhase;
			buildActionMask = 2147483647;
			files = (
				958B4D421E397E9400FA7F40 /* LaunchScreen.storyboard in Resources */,
				958B4D3F1E397E9400FA7F40 /* Assets.xcassets in Resources */,
				958B4D3D1E397E9400FA7F40 /* Main.storyboard in Resources */,
			);
			runOnlyForDeploymentPostprocessing = 0;
		};
/* End PBXResourcesBuildPhase section */

/* Begin PBXSourcesBuildPhase section */
		958B4D301E397E9400FA7F40 /* Sources */ = {
			isa = PBXSourcesBuildPhase;
			buildActionMask = 2147483647;
			files = (
				958B4D3A1E397E9400FA7F40 /* ViewController.swift in Sources */,
				958B4D381E397E9400FA7F40 /* AppDelegate.swift in Sources */,
			);
			runOnlyForDeploymentPostprocessing = 0;
		};
/* End PBXSourcesBuildPhase section */

/* Begin PBXVariantGroup section */
		958B4D3B1E397E9400FA7F40 /* Main.storyboard */ = {
			isa = PBXVariantGroup;
			children = (
				958B4D3C1E397E9400FA7F40 /* Base */,
			);
			name = Main.storyboard;
			sourceTree = "<group>";
		};
		958B4D401E397E9400FA7F40 /* LaunchScreen.storyboard */ = {
			isa = PBXVariantGroup;
			children = (
				958B4D411E397E9400FA7F40 /* Base */,
			);
			name = LaunchScreen.storyboard;
			sourceTree = "<group>";
		};
/* End PBXVariantGroup section */

/* Begin XCBuildConfiguration section */
		958B4D441E397E9400FA7F40 /* Debug */ = {
			isa = XCBuildConfiguration;
			buildSettings = {
				ALWAYS_SEARCH_USER_PATHS = NO;
				CLANG_ANALYZER_NONNULL = YES;
				CLANG_CXX_LANGUAGE_STANDARD = "gnu++0x";
				CLANG_CXX_LIBRARY = "libc++";
				CLANG_ENABLE_MODULES = YES;
				CLANG_ENABLE_OBJC_ARC = YES;
				CLANG_WARN_BOOL_CONVERSION = YES;
				CLANG_WARN_CONSTANT_CONVERSION = YES;
				CLANG_WARN_DIRECT_OBJC_ISA_USAGE = YES_ERROR;
				CLANG_WARN_DOCUMENTATION_COMMENTS = YES;
				CLANG_WARN_EMPTY_BODY = YES;
				CLANG_WARN_ENUM_CONVERSION = YES;
				CLANG_WARN_INFINITE_RECURSION = YES;
				CLANG_WARN_INT_CONVERSION = YES;
				CLANG_WARN_OBJC_ROOT_CLASS = YES_ERROR;
				CLANG_WARN_SUSPICIOUS_MOVE = YES;
				CLANG_WARN_UNREACHABLE_CODE = YES;
				CLANG_WARN__DUPLICATE_METHOD_MATCH = YES;
				"CODE_SIGN_IDENTITY[sdk=iphoneos*]" = "iPhone Developer";
				COPY_PHASE_STRIP = NO;
				DEBUG_INFORMATION_FORMAT = dwarf;
				ENABLE_STRICT_OBJC_MSGSEND = YES;
				ENABLE_TESTABILITY = YES;
				GCC_C_LANGUAGE_STANDARD = gnu99;
				GCC_DYNAMIC_NO_PIC = NO;
				GCC_NO_COMMON_BLOCKS = YES;
				GCC_OPTIMIZATION_LEVEL = 0;
				GCC_PREPROCESSOR_DEFINITIONS = (
					"DEBUG=1",
					"$(inherited)",
				);
				GCC_WARN_64_TO_32_BIT_CONVERSION = YES;
				GCC_WARN_ABOUT_RETURN_TYPE = YES_ERROR;
				GCC_WARN_UNDECLARED_SELECTOR = YES;
				GCC_WARN_UNINITIALIZED_AUTOS = YES_AGGRESSIVE;
				GCC_WARN_UNUSED_FUNCTION = YES;
				GCC_WARN_UNUSED_VARIABLE = YES;
				IPHONEOS_DEPLOYMENT_TARGET = 10.2;
				MTL_ENABLE_DEBUG_INFO = YES;
				ONLY_ACTIVE_ARCH = YES;
				SDKROOT = iphoneos;
				SWIFT_ACTIVE_COMPILATION_CONDITIONS = DEBUG;
				SWIFT_OPTIMIZATION_LEVEL = "-Onone";
			};
			name = Debug;
		};
		958B4D451E397E9400FA7F40 /* Release */ = {
			isa = XCBuildConfiguration;
			buildSettings = {
				ALWAYS_SEARCH_USER_PATHS = NO;
				CLANG_ANALYZER_NONNULL = YES;
				CLANG_CXX_LANGUAGE_STANDARD = "gnu++0x";
				CLANG_CXX_LIBRARY = "libc++";
				CLANG_ENABLE_MODULES = YES;
				CLANG_ENABLE_OBJC_ARC = YES;
				CLANG_WARN_BOOL_CONVERSION = YES;
				CLANG_WARN_CONSTANT_CONVERSION = YES;
				CLANG_WARN_DIRECT_OBJC_ISA_USAGE = YES_ERROR;
				CLANG_WARN_DOCUMENTATION_COMMENTS = YES;
				CLANG_WARN_EMPTY_BODY = YES;
				CLANG_WARN_ENUM_CONVERSION = YES;
				CLANG_WARN_INFINITE_RECURSION = YES;
				CLANG_WARN_INT_CONVERSION = YES;
				CLANG_WARN_OBJC_ROOT_CLASS = YES_ERROR;
				CLANG_WARN_SUSPICIOUS_MOVE = YES;
				CLANG_WARN_UNREACHABLE_CODE = YES;
				CLANG_WARN__DUPLICATE_METHOD_MATCH = YES;
				"CODE_SIGN_IDENTITY[sdk=iphoneos*]" = "iPhone Developer";
				COPY_PHASE_STRIP = NO;
				DEBUG_INFORMATION_FORMAT = "dwarf-with-dsym";
				ENABLE_NS_ASSERTIONS = NO;
				ENABLE_STRICT_OBJC_MSGSEND = YES;
				GCC_C_LANGUAGE_STANDARD = gnu99;
				GCC_NO_COMMON_BLOCKS = YES;
				GCC_WARN_64_TO_32_BIT_CONVERSION = YES;
				GCC_WARN_ABOUT_RETURN_TYPE = YES_ERROR;
				GCC_WARN_UNDECLARED_SELECTOR = YES;
				GCC_WARN_UNINITIALIZED_AUTOS = YES_AGGRESSIVE;
				GCC_WARN_UNUSED_FUNCTION = YES;
				GCC_WARN_UNUSED_VARIABLE = YES;
				IPHONEOS_DEPLOYMENT_TARGET = 10.2;
				MTL_ENABLE_DEBUG_INFO = NO;
				SDKROOT = iphoneos;
				SWIFT_OPTIMIZATION_LEVEL = "-Owholemodule";
				VALIDATE_PRODUCT = YES;
			};
			name = Release;
		};
		958B4D471E397E9400FA7F40 /* Debug */ = {
			isa = XCBuildConfiguration;
			buildSettings = {
				ASSETCATALOG_COMPILER_APPICON_NAME = AppIcon;
				DEVELOPMENT_TEAM = AV8QS98J28;
				INFOPLIST_FILE = PageTheScroll/Info.plist;
				LD_RUNPATH_SEARCH_PATHS = "$(inherited) @executable_path/Frameworks";
				PRODUCT_BUNDLE_IDENTIFIER = "com.al-bajrai.PageTheScroll";
				PRODUCT_NAME = "$(TARGET_NAME)";
				SWIFT_VERSION = 3.0;
			};
			name = Debug;
		};
		958B4D481E397E9400FA7F40 /* Release */ = {
			isa = XCBuildConfiguration;
			buildSettings = {
				ASSETCATALOG_COMPILER_APPICON_NAME = AppIcon;
				DEVELOPMENT_TEAM = AV8QS98J28;
				INFOPLIST_FILE = PageTheScroll/Info.plist;
				LD_RUNPATH_SEARCH_PATHS = "$(inherited) @executable_path/Frameworks";
				PRODUCT_BUNDLE_IDENTIFIER = "com.al-bajrai.PageTheScroll";
				PRODUCT_NAME = "$(TARGET_NAME)";
				SWIFT_VERSION = 3.0;
			};
			name = Release;
		};
/* End XCBuildConfiguration section */

/* Begin XCConfigurationList section */
		958B4D2F1E397E9300FA7F40 /* Build configuration list for PBXProject "PageTheScroll" */ = {
			isa = XCConfigurationList;
			buildConfigurations = (
				958B4D441E397E9400FA7F40 /* Debug */,
				958B4D451E397E9400FA7F40 /* Release */,
			);
			defaultConfigurationIsVisible = 0;
			defaultConfigurationName = Release;
		};
		958B4D461E397E9400FA7F40 /* Build configuration list for PBXNativeTarget "PageTheScroll" */ = {
			isa = XCConfigurationList;
			buildConfigurations = (
				958B4D471E397E9400FA7F40 /* Debug */,
				958B4D481E397E9400FA7F40 /* Release */,
			);
			defaultConfigurationIsVisible = 0;
		};
/* End XCConfigurationList section */
	};
	rootObject = 958B4D2C1E397E9300FA7F40 /* Project object */;
}
